<?xml version="1.0" encoding="utf-8"?>
<Project ToolsVersion="4.0" xmlns="http://schemas.microsoft.com/developer/msbuild/2003">
  <ItemGroup>
    <Filter Include="源文件">
      <UniqueIdentifier>{4FC737F1-C7A5-4376-A066-2A32D752A2FF}</UniqueIdentifier>
      <Extensions>cpp;c;cc;cxx;def;odl;idl;hpj;bat;asm;asmx</Extensions>
    </Filter>
    <Filter Include="头文件">
      <UniqueIdentifier>{93995380-89BD-4b04-88EB-625FBE52EBFB}</UniqueIdentifier>
      <Extensions>h;hh;hpp;hxx;hm;inl;inc;xsd</Extensions>
    </Filter>
    <Filter Include="资源文件">
      <UniqueIdentifier>{67DA6AB6-F800-4c08-8B7A-83BB121AAD01}</UniqueIdentifier>
      <Extensions>rc;ico;cur;bmp;dlg;rc2;rct;bin;rgs;gif;jpg;jpeg;jpe;resx;tiff;tif;png;wav;mfcribbon-ms</Extensions>
    </Filter>
  </ItemGroup>
  <ItemGroup>
    <ClCompile Include="..\ffmpeg\doc\examples\avio_dir_cmd.c">
      <Filter>源文件</Filter>
    </ClCompile>
    <ClCompile Include="..\ffmpeg\doc\examples\avio_reading.c">
      <Filter>源文件</Filter>
    </ClCompile>
    <ClCompile Include="..\ffmpeg\doc\examples\decoding_encoding.c">
      <Filter>源文件</Filter>
    </ClCompile>
    <ClCompile Include="..\ffmpeg\doc\examples\demuxing_decoding.c">
      <Filter>源文件</Filter>
    </ClCompile>
    <ClCompile Include="..\ffmpeg\doc\examples\extract_mvs.c">
      <Filter>源文件</Filter>
    </ClCompile>
    <ClCompile Include="..\ffmpeg\doc\examples\filter_audio.c">
      <Filter>源文件</Filter>
    </ClCompile>
    <ClCompile Include="..\ffmpeg\doc\examples\filtering_audio.c">
      <Filter>源文件</Filter>
    </ClCompile>
    <ClCompile Include="..\ffmpeg\doc\examples\filtering_video.c">
      <Filter>源文件</Filter>
    </ClCompile>
    <ClCompile Include="..\ffmpeg\doc\examples\http_multiclient.c">
      <Filter>源文件</Filter>
    </ClCompile>
    <ClCompile Include="..\ffmpeg\doc\examples\metadata.c">
      <Filter>源文件</Filter>
    </ClCompile>
    <ClCompile Include="..\ffmpeg\doc\examples\muxing.c">
      <Filter>源文件</Filter>
    </ClCompile>
    <ClCompile Include="..\ffmpeg\doc\examples\qsvdec.c">
      <Filter>源文件</Filter>
    </ClCompile>
    <ClCompile Include="..\ffmpeg\doc\examples\remuxing.c">
      <Filter>源文件</Filter>
    </ClCompile>
    <ClCompile Include="..\ffmpeg\doc\examples\resampling_audio.c">
      <Filter>源文件</Filter>
    </ClCompile>
    <ClCompile Include="..\ffmpeg\doc\examples\scaling_video.c">
      <Filter>源文件</Filter>
    </ClCompile>
    <ClCompile Include="..\ffmpeg\doc\examples\transcode_aac.c">
      <Filter>源文件</Filter>
    </ClCompile>
    <ClCompile Include="..\ffmpeg\doc\examples\transcoding.c">
      <Filter>源文件</Filter>
    </ClCompile>
  </ItemGroup>
  <ItemGroup>
    <None Include="..\ffmpeg\doc\examples\Makefile" />
    <None Include="..\ffmpeg\doc\examples\README" />
  </ItemGroup>
</Project>